
Microsoft Visual Studio Solution File, Format Version 12.00
# Visual Studio Version 16
VisualStudioVersion = 16.0.808.4
MinimumVisualStudioVersion = 10.0.40219.1
Project("{FAE04EC0-301F-11D3-BF4B-00C04F79EFBC}") = "IS413_Assignment_2", "IS413_Assignment_2\IS413_Assignment_2.csproj", "{CCCE69BE-1940-489B-95DA-1E11ABE5548F}"
EndProject
Global
	GlobalSection(SolutionConfigurationPlatforms) = preSolution
		Debug|Any CPU = Debug|Any CPU
		Release|Any CPU = Release|Any CPU
	EndGlobalSection
	GlobalSection(ProjectConfigurationPlatforms) = postSolution
		{CCCE69BE-1940-489B-95DA-1E11ABE5548F}.Debug|Any CPU.ActiveCfg = Debug|Any CPU
		{CCCE69BE-1940-489B-95DA-1E11ABE5548F}.Debug|Any CPU.Build.0 = Debug|Any CPU
		{CCCE69BE-1940-489B-95DA-1E11ABE5548F}.Release|Any CPU.ActiveCfg = Release|Any CPU
		{CCCE69BE-1940-489B-95DA-1E11ABE5548F}.Release|Any CPU.Build.0 = Release|Any CPU
	EndGlobalSection
	GlobalSection(SolutionProperties) = preSolution
		HideSolutionNode = FALSE
	EndGlobalSection
	GlobalSection(ExtensibilityGlobals) = postSolution
		SolutionGuid = {5F005C2F-5E45-423C-BDE2-94B6E6F4F575}
	EndGlobalSection
EndGlobal
